
Microsoft Visual Studio Solution File, Format Version 12.00
# Visual Studio Version 16
VisualStudioVersion = 16.0.31624.102
MinimumVisualStudioVersion = 10.0.40219.1
Project("{FAE04EC0-301F-11D3-BF4B-00C04F79EFBC}") = "OOP_Lab1", "OOP_Lab1.csproj", "{1ACFBB0C-C727-4D21-B428-5540FB0708DD}"
EndProject
Global
	GlobalSection(SolutionConfigurationPlatforms) = preSolution
		Debug|Any CPU = Debug|Any CPU
		Release|Any CPU = Release|Any CPU
	EndGlobalSection
	GlobalSection(ProjectConfigurationPlatforms) = postSolution
		{1ACFBB0C-C727-4D21-B428-5540FB0708DD}.Debug|Any CPU.ActiveCfg = Debug|Any CPU
		{1ACFBB0C-C727-4D21-B428-5540FB0708DD}.Debug|Any CPU.Build.0 = Debug|Any CPU
		{1ACFBB0C-C727-4D21-B428-5540FB0708DD}.Release|Any CPU.ActiveCfg = Release|Any CPU
		{1ACFBB0C-C727-4D21-B428-5540FB0708DD}.Release|Any CPU.Build.0 = Release|Any CPU
	EndGlobalSection
	GlobalSection(SolutionProperties) = preSolution
		HideSolutionNode = FALSE
	EndGlobalSection
	GlobalSection(ExtensibilityGlobals) = postSolution
		SolutionGuid = {04DA68B2-4D18-47B8-AA0A-F3CF471EDE24}
	EndGlobalSection
EndGlobal
